// !$*UTF8*$!
{
	archiveVersion = 1;
	classes = {
	};
	objectVersion = 50;
	objects = {

/* Begin PBXBuildFile section */
		D2804A6B249716AF00DDC793 /* GridLayout.swift in Sources */ = {isa = PBXBuildFile; fileRef = D2804A69249716AF00DDC793 /* GridLayout.swift */; };
		D2804A6C249716AF00DDC793 /* Grid.swift in Sources */ = {isa = PBXBuildFile; fileRef = D2804A6A249716AF00DDC793 /* Grid.swift */; };
		D2804A73249716E600DDC793 /* Cardify.swift in Sources */ = {isa = PBXBuildFile; fileRef = D2804A6D249716E600DDC793 /* Cardify.swift */; };
		D2804A75249716E600DDC793 /* SetGame.swift in Sources */ = {isa = PBXBuildFile; fileRef = D2804A6F249716E600DDC793 /* SetGame.swift */; };
		D2804A76249716E600DDC793 /* Array+Only.swift in Sources */ = {isa = PBXBuildFile; fileRef = D2804A70249716E600DDC793 /* Array+Only.swift */; };
		D2804A77249716E600DDC793 /* SetGameView.swift in Sources */ = {isa = PBXBuildFile; fileRef = D2804A71249716E600DDC793 /* SetGameView.swift */; };
		D2804A78249716E600DDC793 /* Array+Identifiable.swift in Sources */ = {isa = PBXBuildFile; fileRef = D2804A72249716E600DDC793 /* Array+Identifiable.swift */; };
		D2804A7E24971CCF00DDC793 /* SetGameViewModel.swift in Sources */ = {isa = PBXBuildFile; fileRef = D2804A7D24971CCF00DDC793 /* SetGameViewModel.swift */; };
		D2AD974B249FB4DC00F91540 /* Array+SetMatch.swift in Sources */ = {isa = PBXBuildFile; fileRef = D2AD974A249FB4DC00F91540 /* Array+SetMatch.swift */; };
		D2AD974D249FD01800F91540 /* Diamond.swift in Sources */ = {isa = PBXBuildFile; fileRef = D2AD974C249FD01800F91540 /* Diamond.swift */; };
		D2AD974F249FD02F00F91540 /* Squiggle.swift in Sources */ = {isa = PBXBuildFile; fileRef = D2AD974E249FD02F00F91540 /* Squiggle.swift */; };
		D2AD9751249FD03C00F91540 /* Oval.swift in Sources */ = {isa = PBXBuildFile; fileRef = D2AD9750249FD03C00F91540 /* Oval.swift */; };
		D2AD9753249FD8CE00F91540 /* Feature.swift in Sources */ = {isa = PBXBuildFile; fileRef = D2AD9752249FD8CE00F91540 /* Feature.swift */; };
		D2AD975524A01BC400F91540 /* Stripes.swift in Sources */ = {isa = PBXBuildFile; fileRef = D2AD975424A01BC400F91540 /* Stripes.swift */; };
		D2CFE58F2495D04F0043F1D2 /* AppDelegate.swift in Sources */ = {isa = PBXBuildFile; fileRef = D2CFE58E2495D04F0043F1D2 /* AppDelegate.swift */; };
		D2CFE5912495D04F0043F1D2 /* SceneDelegate.swift in Sources */ = {isa = PBXBuildFile; fileRef = D2CFE5902495D04F0043F1D2 /* SceneDelegate.swift */; };
		D2CFE5952495D0550043F1D2 /* Assets.xcassets in Resources */ = {isa = PBXBuildFile; fileRef = D2CFE5942495D0550043F1D2 /* Assets.xcassets */; };
		D2CFE5982495D0550043F1D2 /* Preview Assets.xcassets in Resources */ = {isa = PBXBuildFile; fileRef = D2CFE5972495D0550043F1D2 /* Preview Assets.xcassets */; };
		D2CFE59B2495D0550043F1D2 /* LaunchScreen.storyboard in Resources */ = {isa = PBXBuildFile; fileRef = D2CFE5992495D0550043F1D2 /* LaunchScreen.storyboard */; };
/* End PBXBuildFile section */

/* Begin PBXFileReference section */
		D2804A69249716AF00DDC793 /* GridLayout.swift */ = {isa = PBXFileReference; fileEncoding = 4; lastKnownFileType = sourcecode.swift; path = GridLayout.swift; sourceTree = "<group>"; };
		D2804A6A249716AF00DDC793 /* Grid.swift */ = {isa = PBXFileReference; fileEncoding = 4; lastKnownFileType = sourcecode.swift; path = Grid.swift; sourceTree = "<group>"; };
		D2804A6D249716E600DDC793 /* Cardify.swift */ = {isa = PBXFileReference; fileEncoding = 4; lastKnownFileType = sourcecode.swift; path = Cardify.swift; sourceTree = "<group>"; };
		D2804A6F249716E600DDC793 /* SetGame.swift */ = {isa = PBXFileReference; fileEncoding = 4; lastKnownFileType = sourcecode.swift; path = SetGame.swift; sourceTree = "<group>"; };
		D2804A70249716E600DDC793 /* Array+Only.swift */ = {isa = PBXFileReference; fileEncoding = 4; lastKnownFileType = sourcecode.swift; path = "Array+Only.swift"; sourceTree = "<group>"; };
		D2804A71249716E600DDC793 /* SetGameView.swift */ = {isa = PBXFileReference; fileEncoding = 4; lastKnownFileType = sourcecode.swift; path = SetGameView.swift; sourceTree = "<group>"; };
		D2804A72249716E600DDC793 /* Array+Identifiable.swift */ = {isa = PBXFileReference; fileEncoding = 4; lastKnownFileType = sourcecode.swift; path = "Array+Identifiable.swift"; sourceTree = "<group>"; };
		D2804A7D24971CCF00DDC793 /* SetGameViewModel.swift */ = {isa = PBXFileReference; fileEncoding = 4; lastKnownFileType = sourcecode.swift; path = SetGameViewModel.swift; sourceTree = "<group>"; };
		D2AD9749249E831500F91540 /* README.md */ = {isa = PBXFileReference; lastKnownFileType = net.daringfireball.markdown; path = README.md; sourceTree = "<group>"; };
		D2AD974A249FB4DC00F91540 /* Array+SetMatch.swift */ = {isa = PBXFileReference; lastKnownFileType = sourcecode.swift; path = "Array+SetMatch.swift"; sourceTree = "<group>"; };
		D2AD974C249FD01800F91540 /* Diamond.swift */ = {isa = PBXFileReference; lastKnownFileType = sourcecode.swift; path = Diamond.swift; sourceTree = "<group>"; };
		D2AD974E249FD02F00F91540 /* Squiggle.swift */ = {isa = PBXFileReference; lastKnownFileType = sourcecode.swift; path = Squiggle.swift; sourceTree = "<group>"; };
		D2AD9750249FD03C00F91540 /* Oval.swift */ = {isa = PBXFileReference; lastKnownFileType = sourcecode.swift; path = Oval.swift; sourceTree = "<group>"; };
		D2AD9752249FD8CE00F91540 /* Feature.swift */ = {isa = PBXFileReference; lastKnownFileType = sourcecode.swift; path = Feature.swift; sourceTree = "<group>"; };
		D2AD975424A01BC400F91540 /* Stripes.swift */ = {isa = PBXFileReference; lastKnownFileType = sourcecode.swift; path = Stripes.swift; sourceTree = "<group>"; };
		D2CFE58B2495D04F0043F1D2 /* Set Game.app */ = {isa = PBXFileReference; explicitFileType = wrapper.application; includeInIndex = 0; path = "Set Game.app"; sourceTree = BUILT_PRODUCTS_DIR; };
		D2CFE58E2495D04F0043F1D2 /* AppDelegate.swift */ = {isa = PBXFileReference; lastKnownFileType = sourcecode.swift; path = AppDelegate.swift; sourceTree = "<group>"; };
		D2CFE5902495D04F0043F1D2 /* SceneDelegate.swift */ = {isa = PBXFileReference; lastKnownFileType = sourcecode.swift; path = SceneDelegate.swift; sourceTree = "<group>"; };
		D2CFE5942495D0550043F1D2 /* Assets.xcassets */ = {isa = PBXFileReference; lastKnownFileType = folder.assetcatalog; path = Assets.xcassets; sourceTree = "<group>"; };
		D2CFE5972495D0550043F1D2 /* Preview Assets.xcassets */ = {isa = PBXFileReference; lastKnownFileType = folder.assetcatalog; path = "Preview Assets.xcassets"; sourceTree = "<group>"; };
		D2CFE59A2495D0550043F1D2 /* Base */ = {isa = PBXFileReference; lastKnownFileType = file.storyboard; name = Base; path = Base.lproj/LaunchScreen.storyboard; sourceTree = "<group>"; };
		D2CFE59C2495D0550043F1D2 /* Info.plist */ = {isa = PBXFileReference; lastKnownFileType = text.plist.xml; path = Info.plist; sourceTree = "<group>"; };
/* End PBXFileReference section */

/* Begin PBXFrameworksBuildPhase section */
		D2CFE5882495D04F0043F1D2 /* Frameworks */ = {
			isa = PBXFrameworksBuildPhase;
			buildActionMask = 2147483647;
			files = (
			);
			runOnlyForDeploymentPostprocessing = 0;
		};
/* End PBXFrameworksBuildPhase section */

/* Begin PBXGroup section */
		D2CFE5822495D04F0043F1D2 = {
			isa = PBXGroup;
			children = (
				D2CFE58D2495D04F0043F1D2 /* Set-Game */,
				D2CFE58C2495D04F0043F1D2 /* Products */,
			);
			sourceTree = "<group>";
		};
		D2CFE58C2495D04F0043F1D2 /* Products */ = {
			isa = PBXGroup;
			children = (
				D2CFE58B2495D04F0043F1D2 /* Set Game.app */,
			);
			name = Products;
			sourceTree = "<group>";
		};
		D2CFE58D2495D04F0043F1D2 /* Set-Game */ = {
			isa = PBXGroup;
			children = (
				D2CFE58E2495D04F0043F1D2 /* AppDelegate.swift */,
				D2CFE5902495D04F0043F1D2 /* SceneDelegate.swift */,
				D2804A71249716E600DDC793 /* SetGameView.swift */,
				D2804A7D24971CCF00DDC793 /* SetGameViewModel.swift */,
				D2804A6F249716E600DDC793 /* SetGame.swift */,
				D2804A6D249716E600DDC793 /* Cardify.swift */,
				D2AD9752249FD8CE00F91540 /* Feature.swift */,
				D2804A6A249716AF00DDC793 /* Grid.swift */,
				D2804A69249716AF00DDC793 /* GridLayout.swift */,
				D2AD974C249FD01800F91540 /* Diamond.swift */,
				D2AD974E249FD02F00F91540 /* Squiggle.swift */,
				D2AD9750249FD03C00F91540 /* Oval.swift */,
				D2AD975424A01BC400F91540 /* Stripes.swift */,
				D2AD974A249FB4DC00F91540 /* Array+SetMatch.swift */,
				D2804A72249716E600DDC793 /* Array+Identifiable.swift */,
				D2804A70249716E600DDC793 /* Array+Only.swift */,
				D2CFE5992495D0550043F1D2 /* LaunchScreen.storyboard */,
				D2CFE59C2495D0550043F1D2 /* Info.plist */,
				D2AD9749249E831500F91540 /* README.md */,
				D2CFE5942495D0550043F1D2 /* Assets.xcassets */,
				D2CFE5962495D0550043F1D2 /* Preview Content */,
			);
			path = "Set-Game";
			sourceTree = "<group>";
		};
		D2CFE5962495D0550043F1D2 /* Preview Content */ = {
			isa = PBXGroup;
			children = (
				D2CFE5972495D0550043F1D2 /* Preview Assets.xcassets */,
			);
			path = "Preview Content";
			sourceTree = "<group>";
		};
/* End PBXGroup section */

/* Begin PBXNativeTarget section */
		D2CFE58A2495D04F0043F1D2 /* Set Game */ = {
			isa = PBXNativeTarget;
			buildConfigurationList = D2CFE59F2495D0550043F1D2 /* Build configuration list for PBXNativeTarget "Set Game" */;
			buildPhases = (
				D2CFE5872495D04F0043F1D2 /* Sources */,
				D2CFE5882495D04F0043F1D2 /* Frameworks */,
				D2CFE5892495D04F0043F1D2 /* Resources */,
			);
			buildRules = (
			);
			dependencies = (
			);
			name = "Set Game";
			productName = "Set Game";
			productReference = D2CFE58B2495D04F0043F1D2 /* Set Game.app */;
			productType = "com.apple.product-type.application";
		};
/* End PBXNativeTarget section */

/* Begin PBXProject section */
		D2CFE5832495D04F0043F1D2 /* Project object */ = {
			isa = PBXProject;
			attributes = {
				LastSwiftUpdateCheck = 1150;
				LastUpgradeCheck = 1150;
				ORGANIZATIONNAME = "Scott Dodge";
				TargetAttributes = {
					D2CFE58A2495D04F0043F1D2 = {
						CreatedOnToolsVersion = 11.5;
					};
				};
			};
			buildConfigurationList = D2CFE5862495D04F0043F1D2 /* Build configuration list for PBXProject "Set-Game" */;
			compatibilityVersion = "Xcode 9.3";
			developmentRegion = en;
			hasScannedForEncodings = 0;
			knownRegions = (
				en,
				Base,
			);
			mainGroup = D2CFE5822495D04F0043F1D2;
			productRefGroup = D2CFE58C2495D04F0043F1D2 /* Products */;
			projectDirPath = "";
			projectRoot = "";
			targets = (
				D2CFE58A2495D04F0043F1D2 /* Set Game */,
			);
		};
/* End PBXProject section */

/* Begin PBXResourcesBuildPhase section */
		D2CFE5892495D04F0043F1D2 /* Resources */ = {
			isa = PBXResourcesBuildPhase;
			buildActionMask = 2147483647;
			files = (
				D2CFE59B2495D0550043F1D2 /* LaunchScreen.storyboard in Resources */,
				D2CFE5982495D0550043F1D2 /* Preview Assets.xcassets in Resources */,
				D2CFE5952495D0550043F1D2 /* Assets.xcassets in Resources */,
			);
			runOnlyForDeploymentPostprocessing = 0;
		};
/* End PBXResourcesBuildPhase section */

/* Begin PBXSourcesBuildPhase section */
		D2CFE5872495D04F0043F1D2 /* Sources */ = {
			isa = PBXSourcesBuildPhase;
			buildActionMask = 2147483647;
			files = (
				D2AD974D249FD01800F91540 /* Diamond.swift in Sources */,
				D2804A73249716E600DDC793 /* Cardify.swift in Sources */,
				D2AD975524A01BC400F91540 /* Stripes.swift in Sources */,
				D2CFE58F2495D04F0043F1D2 /* AppDelegate.swift in Sources */,
				D2AD9751249FD03C00F91540 /* Oval.swift in Sources */,
				D2804A77249716E600DDC793 /* SetGameView.swift in Sources */,
				D2CFE5912495D04F0043F1D2 /* SceneDelegate.swift in Sources */,
				D2804A76249716E600DDC793 /* Array+Only.swift in Sources */,
				D2804A6C249716AF00DDC793 /* Grid.swift in Sources */,
				D2AD974F249FD02F00F91540 /* Squiggle.swift in Sources */,
				D2804A7E24971CCF00DDC793 /* SetGameViewModel.swift in Sources */,
				D2AD974B249FB4DC00F91540 /* Array+SetMatch.swift in Sources */,
				D2804A78249716E600DDC793 /* Array+Identifiable.swift in Sources */,
				D2AD9753249FD8CE00F91540 /* Feature.swift in Sources */,
				D2804A6B249716AF00DDC793 /* GridLayout.swift in Sources */,
				D2804A75249716E600DDC793 /* SetGame.swift in Sources */,
			);
			runOnlyForDeploymentPostprocessing = 0;
		};
/* End PBXSourcesBuildPhase section */

/* Begin PBXVariantGroup section */
		D2CFE5992495D0550043F1D2 /* LaunchScreen.storyboard */ = {
			isa = PBXVariantGroup;
			children = (
				D2CFE59A2495D0550043F1D2 /* Base */,
			);
			name = LaunchScreen.storyboard;
			sourceTree = "<group>";
		};
/* End PBXVariantGroup section */

/* Begin XCBuildConfiguration section */
		D2CFE59D2495D0550043F1D2 /* Debug */ = {
			isa = XCBuildConfiguration;
			buildSettings = {
				ALWAYS_SEARCH_USER_PATHS = NO;
				CLANG_ANALYZER_NONNULL = YES;
				CLANG_ANALYZER_NUMBER_OBJECT_CONVERSION = YES_AGGRESSIVE;
				CLANG_CXX_LANGUAGE_STANDARD = "gnu++14";
				CLANG_CXX_LIBRARY = "libc++";
				CLANG_ENABLE_MODULES = YES;
				CLANG_ENABLE_OBJC_ARC = YES;
				CLANG_ENABLE_OBJC_WEAK = YES;
				CLANG_WARN_BLOCK_CAPTURE_AUTORELEASING = YES;
				CLANG_WARN_BOOL_CONVERSION = YES;
				CLANG_WARN_COMMA = YES;
				CLANG_WARN_CONSTANT_CONVERSION = YES;
				CLANG_WARN_DEPRECATED_OBJC_IMPLEMENTATIONS = YES;
				CLANG_WARN_DIRECT_OBJC_ISA_USAGE = YES_ERROR;
				CLANG_WARN_DOCUMENTATION_COMMENTS = YES;
				CLANG_WARN_EMPTY_BODY = YES;
				CLANG_WARN_ENUM_CONVERSION = YES;
				CLANG_WARN_INFINITE_RECURSION = YES;
				CLANG_WARN_INT_CONVERSION = YES;
				CLANG_WARN_NON_LITERAL_NULL_CONVERSION = YES;
				CLANG_WARN_OBJC_IMPLICIT_RETAIN_SELF = YES;
				CLANG_WARN_OBJC_LITERAL_CONVERSION = YES;
				CLANG_WARN_OBJC_ROOT_CLASS = YES_ERROR;
				CLANG_WARN_RANGE_LOOP_ANALYSIS = YES;
				CLANG_WARN_STRICT_PROTOTYPES = YES;
				CLANG_WARN_SUSPICIOUS_MOVE = YES;
				CLANG_WARN_UNGUARDED_AVAILABILITY = YES_AGGRESSIVE;
				CLANG_WARN_UNREACHABLE_CODE = YES;
				CLANG_WARN__DUPLICATE_METHOD_MATCH = YES;
				COPY_PHASE_STRIP = NO;
				DEBUG_INFORMATION_FORMAT = dwarf;
				ENABLE_STRICT_OBJC_MSGSEND = YES;
				ENABLE_TESTABILITY = YES;
				GCC_C_LANGUAGE_STANDARD = gnu11;
				GCC_DYNAMIC_NO_PIC = NO;
				GCC_NO_COMMON_BLOCKS = YES;
				GCC_OPTIMIZATION_LEVEL = 0;
				GCC_PREPROCESSOR_DEFINITIONS = (
					"DEBUG=1",
					"$(inherited)",
				);
				GCC_WARN_64_TO_32_BIT_CONVERSION = YES;
				GCC_WARN_ABOUT_RETURN_TYPE = YES_ERROR;
				GCC_WARN_UNDECLARED_SELECTOR = YES;
				GCC_WARN_UNINITIALIZED_AUTOS = YES_AGGRESSIVE;
				GCC_WARN_UNUSED_FUNCTION = YES;
				GCC_WARN_UNUSED_VARIABLE = YES;
				IPHONEOS_DEPLOYMENT_TARGET = 13.5;
				MTL_ENABLE_DEBUG_INFO = INCLUDE_SOURCE;
				MTL_FAST_MATH = YES;
				ONLY_ACTIVE_ARCH = YES;
				SDKROOT = iphoneos;
				SWIFT_ACTIVE_COMPILATION_CONDITIONS = DEBUG;
				SWIFT_OPTIMIZATION_LEVEL = "-Onone";
			};
			name = Debug;
		};
		D2CFE59E2495D0550043F1D2 /* Release */ = {
			isa = XCBuildConfiguration;
			buildSettings = {
				ALWAYS_SEARCH_USER_PATHS = NO;
				CLANG_ANALYZER_NONNULL = YES;
				CLANG_ANALYZER_NUMBER_OBJECT_CONVERSION = YES_AGGRESSIVE;
				CLANG_CXX_LANGUAGE_STANDARD = "gnu++14";
				CLANG_CXX_LIBRARY = "libc++";
				CLANG_ENABLE_MODULES = YES;
				CLANG_ENABLE_OBJC_ARC = YES;
				CLANG_ENABLE_OBJC_WEAK = YES;
				CLANG_WARN_BLOCK_CAPTURE_AUTORELEASING = YES;
				CLANG_WARN_BOOL_CONVERSION = YES;
				CLANG_WARN_COMMA = YES;
				CLANG_WARN_CONSTANT_CONVERSION = YES;
				CLANG_WARN_DEPRECATED_OBJC_IMPLEMENTATIONS = YES;
				CLANG_WARN_DIRECT_OBJC_ISA_USAGE = YES_ERROR;
				CLANG_WARN_DOCUMENTATION_COMMENTS = YES;
				CLANG_WARN_EMPTY_BODY = YES;
				CLANG_WARN_ENUM_CONVERSION = YES;
				CLANG_WARN_INFINITE_RECURSION = YES;
				CLANG_WARN_INT_CONVERSION = YES;
				CLANG_WARN_NON_LITERAL_NULL_CONVERSION = YES;
				CLANG_WARN_OBJC_IMPLICIT_RETAIN_SELF = YES;
				CLANG_WARN_OBJC_LITERAL_CONVERSION = YES;
				CLANG_WARN_OBJC_ROOT_CLASS = YES_ERROR;
				CLANG_WARN_RANGE_LOOP_ANALYSIS = YES;
				CLANG_WARN_STRICT_PROTOTYPES = YES;
				CLANG_WARN_SUSPICIOUS_MOVE = YES;
				CLANG_WARN_UNGUARDED_AVAILABILITY = YES_AGGRESSIVE;
				CLANG_WARN_UNREACHABLE_CODE = YES;
				CLANG_WARN__DUPLICATE_METHOD_MATCH = YES;
				COPY_PHASE_STRIP = NO;
				DEBUG_INFORMATION_FORMAT = "dwarf-with-dsym";
				ENABLE_NS_ASSERTIONS = NO;
				ENABLE_STRICT_OBJC_MSGSEND = YES;
				GCC_C_LANGUAGE_STANDARD = gnu11;
				GCC_NO_COMMON_BLOCKS = YES;
				GCC_WARN_64_TO_32_BIT_CONVERSION = YES;
				GCC_WARN_ABOUT_RETURN_TYPE = YES_ERROR;
				GCC_WARN_UNDECLARED_SELECTOR = YES;
				GCC_WARN_UNINITIALIZED_AUTOS = YES_AGGRESSIVE;
				GCC_WARN_UNUSED_FUNCTION = YES;
				GCC_WARN_UNUSED_VARIABLE = YES;
				IPHONEOS_DEPLOYMENT_TARGET = 13.5;
				MTL_ENABLE_DEBUG_INFO = NO;
				MTL_FAST_MATH = YES;
				SDKROOT = iphoneos;
				SWIFT_COMPILATION_MODE = wholemodule;
				SWIFT_OPTIMIZATION_LEVEL = "-O";
				VALIDATE_PRODUCT = YES;
			};
			name = Release;
		};
		D2CFE5A02495D0550043F1D2 /* Debug */ = {
			isa = XCBuildConfiguration;
			buildSettings = {
				ASSETCATALOG_COMPILER_APPICON_NAME = AppIcon;
				CODE_SIGN_STYLE = Automatic;
				DEVELOPMENT_ASSET_PATHS = "\"Set-Game/Preview Content\"";
				DEVELOPMENT_TEAM = A74TX23J32;
				ENABLE_PREVIEWS = YES;
				INFOPLIST_FILE = "Set-Game/Info.plist";
				LD_RUNPATH_SEARCH_PATHS = (
					"$(inherited)",
					"@executable_path/Frameworks",
				);
				PRODUCT_BUNDLE_IDENTIFIER = "design.goldilocks.Set-Game";
				PRODUCT_NAME = "$(TARGET_NAME)";
				SWIFT_VERSION = 5.0;
				TARGETED_DEVICE_FAMILY = "1,2";
			};
			name = Debug;
		};
		D2CFE5A12495D0550043F1D2 /* Release */ = {
			isa = XCBuildConfiguration;
			buildSettings = {
				ASSETCATALOG_COMPILER_APPICON_NAME = AppIcon;
				CODE_SIGN_STYLE = Automatic;
				DEVELOPMENT_ASSET_PATHS = "\"Set-Game/Preview Content\"";
				DEVELOPMENT_TEAM = A74TX23J32;
				ENABLE_PREVIEWS = YES;
				INFOPLIST_FILE = "Set-Game/Info.plist";
				LD_RUNPATH_SEARCH_PATHS = (
					"$(inherited)",
					"@executable_path/Frameworks",
				);
				PRODUCT_BUNDLE_IDENTIFIER = "design.goldilocks.Set-Game";
				PRODUCT_NAME = "$(TARGET_NAME)";
				SWIFT_VERSION = 5.0;
				TARGETED_DEVICE_FAMILY = "1,2";
			};
			name = Release;
		};
/* End XCBuildConfiguration section */

/* Begin XCConfigurationList section */
		D2CFE5862495D04F0043F1D2 /* Build configuration list for PBXProject "Set-Game" */ = {
			isa = XCConfigurationList;
			buildConfigurations = (
				D2CFE59D2495D0550043F1D2 /* Debug */,
				D2CFE59E2495D0550043F1D2 /* Release */,
			);
			defaultConfigurationIsVisible = 0;
			defaultConfigurationName = Release;
		};
		D2CFE59F2495D0550043F1D2 /* Build configuration list for PBXNativeTarget "Set Game" */ = {
			isa = XCConfigurationList;
			buildConfigurations = (
				D2CFE5A02495D0550043F1D2 /* Debug */,
				D2CFE5A12495D0550043F1D2 /* Release */,
			);
			defaultConfigurationIsVisible = 0;
			defaultConfigurationName = Release;
		};
/* End XCConfigurationList section */
	};
	rootObject = D2CFE5832495D04F0043F1D2 /* Project object */;
}
